{
  "requires": true,
  "lockfileVersion": 1,
  "dependencies": {
    "@angular/animations": {
      "version": "5.2.1",
      "resolved": "https://registry.npmjs.org/@angular/animations/-/animations-5.2.1.tgz",
      "integrity": "sha512-f8viyt1xDC2NC2ap0lczw+AiL3S1WVSDOmNp3UKwA66gm+Hs9AdDX0PjpxgMR9KQY8c4P7mztNax55jj2Sbe1Q==",
      "requires": {
        "tslib": "1.9.0"
      }
    },
    "@progress/kendo-angular-treeview": {
      "version": "1.0.1",
      "resolved": "https://registry.npmjs.org/@progress/kendo-angular-treeview/-/kendo-angular-treeview-1.0.1.tgz",
      "integrity": "sha512-7vIAlHe+TCGIyIZ06ysZBrL48e/R6uNZ5Xd2oNzZH7pKir9R+QyX3kVQXe5Bv2YKKo7wGJ240P6+PjSX4u4KMQ==",
      "requires": {
        "tslib": "1.9.0"
      }
    },
    "tslib": {
      "version": "1.9.0",
      "resolved": "https://registry.npmjs.org/tslib/-/tslib-1.9.0.tgz",
      "integrity": "sha512-f/qGG2tUkrISBlQZEjEqoZ3B2+npJjIf04H1wuAv9iA8i04Icp+61KRXxFdha22670NJopsZCIjhC3SnjPRKrQ=="
    }
  }
}
